
Microsoft Visual Studio Solution File, Format Version 12.00
# Visual Studio Version 17
VisualStudioVersion = 17.2.32526.322
MinimumVisualStudioVersion = 10.0.40219.1
Project("{9A19103F-16F7-4668-BE54-9A1E7A4F7556}") = "FinanceApp.Server", "FinanceApp\Server\FinanceApp.Server.csproj", "{67916209-BA60-4BA0-9DBE-0E1795603559}"
EndProject
Project("{9A19103F-16F7-4668-BE54-9A1E7A4F7556}") = "FinanceApp.Client", "FinanceApp\Client\FinanceApp.Client.csproj", "{309617E9-25AC-43BD-8F65-F97B8BDCA05A}"
EndProject
Project("{9A19103F-16F7-4668-BE54-9A1E7A4F7556}") = "FinanceApp.Shared", "FinanceApp\Shared\FinanceApp.Shared.csproj", "{8DDFB60F-BEE1-4935-9F51-E5612D171DF2}"
EndProject
Global
	GlobalSection(SolutionConfigurationPlatforms) = preSolution
		Debug|Any CPU = Debug|Any CPU
		Release|Any CPU = Release|Any CPU
	EndGlobalSection
	GlobalSection(ProjectConfigurationPlatforms) = postSolution
		{67916209-BA60-4BA0-9DBE-0E1795603559}.Debug|Any CPU.ActiveCfg = Debug|Any CPU
		{67916209-BA60-4BA0-9DBE-0E1795603559}.Debug|Any CPU.Build.0 = Debug|Any CPU
		{67916209-BA60-4BA0-9DBE-0E1795603559}.Release|Any CPU.ActiveCfg = Release|Any CPU
		{67916209-BA60-4BA0-9DBE-0E1795603559}.Release|Any CPU.Build.0 = Release|Any CPU
		{309617E9-25AC-43BD-8F65-F97B8BDCA05A}.Debug|Any CPU.ActiveCfg = Debug|Any CPU
		{309617E9-25AC-43BD-8F65-F97B8BDCA05A}.Debug|Any CPU.Build.0 = Debug|Any CPU
		{309617E9-25AC-43BD-8F65-F97B8BDCA05A}.Release|Any CPU.ActiveCfg = Release|Any CPU
		{309617E9-25AC-43BD-8F65-F97B8BDCA05A}.Release|Any CPU.Build.0 = Release|Any CPU
		{8DDFB60F-BEE1-4935-9F51-E5612D171DF2}.Debug|Any CPU.ActiveCfg = Debug|Any CPU
		{8DDFB60F-BEE1-4935-9F51-E5612D171DF2}.Debug|Any CPU.Build.0 = Debug|Any CPU
		{8DDFB60F-BEE1-4935-9F51-E5612D171DF2}.Release|Any CPU.ActiveCfg = Release|Any CPU
		{8DDFB60F-BEE1-4935-9F51-E5612D171DF2}.Release|Any CPU.Build.0 = Release|Any CPU
	EndGlobalSection
	GlobalSection(SolutionProperties) = preSolution
		HideSolutionNode = FALSE
	EndGlobalSection
	GlobalSection(ExtensibilityGlobals) = postSolution
		SolutionGuid = {0B593260-2F82-4739-90F2-1D49F06E1FA0}
	EndGlobalSection
EndGlobal
